// !$*UTF8*$!
{
	archiveVersion = 1;
	classes = {
	};
	objectVersion = 46;
	objects = {

/* Begin PBXBuildFile section */
		9671E16F1A98FC700099DF80 /* AppDelegate.swift in Sources */ = {isa = PBXBuildFile; fileRef = 9671E16E1A98FC700099DF80 /* AppDelegate.swift */; };
		9671E1711A98FC700099DF80 /* ViewController.swift in Sources */ = {isa = PBXBuildFile; fileRef = 9671E1701A98FC700099DF80 /* ViewController.swift */; };
		9671E1741A98FC700099DF80 /* Main.storyboard in Resources */ = {isa = PBXBuildFile; fileRef = 9671E1721A98FC700099DF80 /* Main.storyboard */; };
		9671E1761A98FC700099DF80 /* Images.xcassets in Resources */ = {isa = PBXBuildFile; fileRef = 9671E1751A98FC700099DF80 /* Images.xcassets */; };
		9671E1791A98FC700099DF80 /* LaunchScreen.xib in Resources */ = {isa = PBXBuildFile; fileRef = 9671E1771A98FC700099DF80 /* LaunchScreen.xib */; };
		9671E1851A98FC700099DF80 /* calculatorTests.swift in Sources */ = {isa = PBXBuildFile; fileRef = 9671E1841A98FC700099DF80 /* calculatorTests.swift */; };
/* End PBXBuildFile section */

/* Begin PBXContainerItemProxy section */
		9671E17F1A98FC700099DF80 /* PBXContainerItemProxy */ = {
			isa = PBXContainerItemProxy;
			containerPortal = 9671E1611A98FC700099DF80 /* Project object */;
			proxyType = 1;
			remoteGlobalIDString = 9671E1681A98FC700099DF80;
			remoteInfo = calculator;
		};
/* End PBXContainerItemProxy section */

/* Begin PBXFileReference section */
		9671E1691A98FC700099DF80 /* calculator.app */ = {isa = PBXFileReference; explicitFileType = wrapper.application; includeInIndex = 0; path = calculator.app; sourceTree = BUILT_PRODUCTS_DIR; };
		9671E16D1A98FC700099DF80 /* Info.plist */ = {isa = PBXFileReference; lastKnownFileType = text.plist.xml; path = Info.plist; sourceTree = "<group>"; };
		9671E16E1A98FC700099DF80 /* AppDelegate.swift */ = {isa = PBXFileReference; lastKnownFileType = sourcecode.swift; path = AppDelegate.swift; sourceTree = "<group>"; };
		9671E1701A98FC700099DF80 /* ViewController.swift */ = {isa = PBXFileReference; lastKnownFileType = sourcecode.swift; path = ViewController.swift; sourceTree = "<group>"; };
		9671E1731A98FC700099DF80 /* Base */ = {isa = PBXFileReference; lastKnownFileType = file.storyboard; name = Base; path = Base.lproj/Main.storyboard; sourceTree = "<group>"; };
		9671E1751A98FC700099DF80 /* Images.xcassets */ = {isa = PBXFileReference; lastKnownFileType = folder.assetcatalog; path = Images.xcassets; sourceTree = "<group>"; };
		9671E1781A98FC700099DF80 /* Base */ = {isa = PBXFileReference; lastKnownFileType = file.xib; name = Base; path = Base.lproj/LaunchScreen.xib; sourceTree = "<group>"; };
		9671E17E1A98FC700099DF80 /* calculatorTests.xctest */ = {isa = PBXFileReference; explicitFileType = wrapper.cfbundle; includeInIndex = 0; path = calculatorTests.xctest; sourceTree = BUILT_PRODUCTS_DIR; };
		9671E1831A98FC700099DF80 /* Info.plist */ = {isa = PBXFileReference; lastKnownFileType = text.plist.xml; path = Info.plist; sourceTree = "<group>"; };
		9671E1841A98FC700099DF80 /* calculatorTests.swift */ = {isa = PBXFileReference; lastKnownFileType = sourcecode.swift; path = calculatorTests.swift; sourceTree = "<group>"; };
/* End PBXFileReference section */

/* Begin PBXFrameworksBuildPhase section */
		9671E1661A98FC700099DF80 /* Frameworks */ = {
			isa = PBXFrameworksBuildPhase;
			buildActionMask = 2147483647;
			files = (
			);
			runOnlyForDeploymentPostprocessing = 0;
		};
		9671E17B1A98FC700099DF80 /* Frameworks */ = {
			isa = PBXFrameworksBuildPhase;
			buildActionMask = 2147483647;
			files = (
			);
			runOnlyForDeploymentPostprocessing = 0;
		};
/* End PBXFrameworksBuildPhase section */

/* Begin PBXGroup section */
		9671E1601A98FC700099DF80 = {
			isa = PBXGroup;
			children = (
				9671E16B1A98FC700099DF80 /* calculator */,
				9671E1811A98FC700099DF80 /* calculatorTests */,
				9671E16A1A98FC700099DF80 /* Products */,
			);
			sourceTree = "<group>";
		};
		9671E16A1A98FC700099DF80 /* Products */ = {
			isa = PBXGroup;
			children = (
				9671E1691A98FC700099DF80 /* calculator.app */,
				9671E17E1A98FC700099DF80 /* calculatorTests.xctest */,
			);
			name = Products;
			sourceTree = "<group>";
		};
		9671E16B1A98FC700099DF80 /* calculator */ = {
			isa = PBXGroup;
			children = (
				9671E1701A98FC700099DF80 /* ViewController.swift */,
				9671E1721A98FC700099DF80 /* Main.storyboard */,
				9671E16C1A98FC700099DF80 /* Supporting Files */,
			);
			path = calculator;
			sourceTree = "<group>";
		};
		9671E16C1A98FC700099DF80 /* Supporting Files */ = {
			isa = PBXGroup;
			children = (
				9671E16E1A98FC700099DF80 /* AppDelegate.swift */,
				9671E1751A98FC700099DF80 /* Images.xcassets */,
				9671E1771A98FC700099DF80 /* LaunchScreen.xib */,
				9671E16D1A98FC700099DF80 /* Info.plist */,
			);
			name = "Supporting Files";
			sourceTree = "<group>";
		};
		9671E1811A98FC700099DF80 /* calculatorTests */ = {
			isa = PBXGroup;
			children = (
				9671E1841A98FC700099DF80 /* calculatorTests.swift */,
				9671E1821A98FC700099DF80 /* Supporting Files */,
			);
			path = calculatorTests;
			sourceTree = "<group>";
		};
		9671E1821A98FC700099DF80 /* Supporting Files */ = {
			isa = PBXGroup;
			children = (
				9671E1831A98FC700099DF80 /* Info.plist */,
			);
			name = "Supporting Files";
			sourceTree = "<group>";
		};
/* End PBXGroup section */

/* Begin PBXNativeTarget section */
		9671E1681A98FC700099DF80 /* calculator */ = {
			isa = PBXNativeTarget;
			buildConfigurationList = 9671E1881A98FC700099DF80 /* Build configuration list for PBXNativeTarget "calculator" */;
			buildPhases = (
				9671E1651A98FC700099DF80 /* Sources */,
				9671E1661A98FC700099DF80 /* Frameworks */,
				9671E1671A98FC700099DF80 /* Resources */,
			);
			buildRules = (
			);
			dependencies = (
			);
			name = calculator;
			productName = calculator;
			productReference = 9671E1691A98FC700099DF80 /* calculator.app */;
			productType = "com.apple.product-type.application";
		};
		9671E17D1A98FC700099DF80 /* calculatorTests */ = {
			isa = PBXNativeTarget;
			buildConfigurationList = 9671E18B1A98FC700099DF80 /* Build configuration list for PBXNativeTarget "calculatorTests" */;
			buildPhases = (
				9671E17A1A98FC700099DF80 /* Sources */,
				9671E17B1A98FC700099DF80 /* Frameworks */,
				9671E17C1A98FC700099DF80 /* Resources */,
			);
			buildRules = (
			);
			dependencies = (
				9671E1801A98FC700099DF80 /* PBXTargetDependency */,
			);
			name = calculatorTests;
			productName = calculatorTests;
			productReference = 9671E17E1A98FC700099DF80 /* calculatorTests.xctest */;
			productType = "com.apple.product-type.bundle.unit-test";
		};
/* End PBXNativeTarget section */

/* Begin PBXProject section */
		9671E1611A98FC700099DF80 /* Project object */ = {
			isa = PBXProject;
			attributes = {
				LastUpgradeCheck = 0610;
				ORGANIZATIONNAME = "Garg, Smith";
				TargetAttributes = {
					9671E1681A98FC700099DF80 = {
						CreatedOnToolsVersion = 6.1.1;
					};
					9671E17D1A98FC700099DF80 = {
						CreatedOnToolsVersion = 6.1.1;
						TestTargetID = 9671E1681A98FC700099DF80;
					};
				};
			};
			buildConfigurationList = 9671E1641A98FC700099DF80 /* Build configuration list for PBXProject "calculator" */;
			compatibilityVersion = "Xcode 3.2";
			developmentRegion = English;
			hasScannedForEncodings = 0;
			knownRegions = (
				en,
				Base,
			);
			mainGroup = 9671E1601A98FC700099DF80;
			productRefGroup = 9671E16A1A98FC700099DF80 /* Products */;
			projectDirPath = "";
			projectRoot = "";
			targets = (
				9671E1681A98FC700099DF80 /* calculator */,
				9671E17D1A98FC700099DF80 /* calculatorTests */,
			);
		};
/* End PBXProject section */

/* Begin PBXResourcesBuildPhase section */
		9671E1671A98FC700099DF80 /* Resources */ = {
			isa = PBXResourcesBuildPhase;
			buildActionMask = 2147483647;
			files = (
				9671E1741A98FC700099DF80 /* Main.storyboard in Resources */,
				9671E1791A98FC700099DF80 /* LaunchScreen.xib in Resources */,
				9671E1761A98FC700099DF80 /* Images.xcassets in Resources */,
			);
			runOnlyForDeploymentPostprocessing = 0;
		};
		9671E17C1A98FC700099DF80 /* Resources */ = {
			isa = PBXResourcesBuildPhase;
			buildActionMask = 2147483647;
			files = (
			);
			runOnlyForDeploymentPostprocessing = 0;
		};
/* End PBXResourcesBuildPhase section */

/* Begin PBXSourcesBuildPhase section */
		9671E1651A98FC700099DF80 /* Sources */ = {
			isa = PBXSourcesBuildPhase;
			buildActionMask = 2147483647;
			files = (
				9671E1711A98FC700099DF80 /* ViewController.swift in Sources */,
				9671E16F1A98FC700099DF80 /* AppDelegate.swift in Sources */,
			);
			runOnlyForDeploymentPostprocessing = 0;
		};
		9671E17A1A98FC700099DF80 /* Sources */ = {
			isa = PBXSourcesBuildPhase;
			buildActionMask = 2147483647;
			files = (
				9671E1851A98FC700099DF80 /* calculatorTests.swift in Sources */,
			);
			runOnlyForDeploymentPostprocessing = 0;
		};
/* End PBXSourcesBuildPhase section */

/* Begin PBXTargetDependency section */
		9671E1801A98FC700099DF80 /* PBXTargetDependency */ = {
			isa = PBXTargetDependency;
			target = 9671E1681A98FC700099DF80 /* calculator */;
			targetProxy = 9671E17F1A98FC700099DF80 /* PBXContainerItemProxy */;
		};
/* End PBXTargetDependency section */

/* Begin PBXVariantGroup section */
		9671E1721A98FC700099DF80 /* Main.storyboard */ = {
			isa = PBXVariantGroup;
			children = (
				9671E1731A98FC700099DF80 /* Base */,
			);
			name = Main.storyboard;
			sourceTree = "<group>";
		};
		9671E1771A98FC700099DF80 /* LaunchScreen.xib */ = {
			isa = PBXVariantGroup;
			children = (
				9671E1781A98FC700099DF80 /* Base */,
			);
			name = LaunchScreen.xib;
			sourceTree = "<group>";
		};
/* End PBXVariantGroup section */

/* Begin XCBuildConfiguration section */
		9671E1861A98FC700099DF80 /* Debug */ = {
			isa = XCBuildConfiguration;
			buildSettings = {
				ALWAYS_SEARCH_USER_PATHS = NO;
				CLANG_CXX_LANGUAGE_STANDARD = "gnu++0x";
				CLANG_CXX_LIBRARY = "libc++";
				CLANG_ENABLE_MODULES = YES;
				CLANG_ENABLE_OBJC_ARC = YES;
				CLANG_WARN_BOOL_CONVERSION = YES;
				CLANG_WARN_CONSTANT_CONVERSION = YES;
				CLANG_WARN_DIRECT_OBJC_ISA_USAGE = YES_ERROR;
				CLANG_WARN_EMPTY_BODY = YES;
				CLANG_WARN_ENUM_CONVERSION = YES;
				CLANG_WARN_INT_CONVERSION = YES;
				CLANG_WARN_OBJC_ROOT_CLASS = YES_ERROR;
				CLANG_WARN_UNREACHABLE_CODE = YES;
				CLANG_WARN__DUPLICATE_METHOD_MATCH = YES;
				"CODE_SIGN_IDENTITY[sdk=iphoneos*]" = "iPhone Developer";
				COPY_PHASE_STRIP = NO;
				ENABLE_STRICT_OBJC_MSGSEND = YES;
				GCC_C_LANGUAGE_STANDARD = gnu99;
				GCC_DYNAMIC_NO_PIC = NO;
				GCC_OPTIMIZATION_LEVEL = 0;
				GCC_PREPROCESSOR_DEFINITIONS = (
					"DEBUG=1",
					"$(inherited)",
				);
				GCC_SYMBOLS_PRIVATE_EXTERN = NO;
				GCC_WARN_64_TO_32_BIT_CONVERSION = YES;
				GCC_WARN_ABOUT_RETURN_TYPE = YES_ERROR;
				GCC_WARN_UNDECLARED_SELECTOR = YES;
				GCC_WARN_UNINITIALIZED_AUTOS = YES_AGGRESSIVE;
				GCC_WARN_UNUSED_FUNCTION = YES;
				GCC_WARN_UNUSED_VARIABLE = YES;
				IPHONEOS_DEPLOYMENT_TARGET = 8.1;
				MTL_ENABLE_DEBUG_INFO = YES;
				ONLY_ACTIVE_ARCH = YES;
				SDKROOT = iphoneos;
				SWIFT_OPTIMIZATION_LEVEL = "-Onone";
				TARGETED_DEVICE_FAMILY = "1,2";
			};
			name = Debug;
		};
		9671E1871A98FC700099DF80 /* Release */ = {
			isa = XCBuildConfiguration;
			buildSettings = {
				ALWAYS_SEARCH_USER_PATHS = NO;
				CLANG_CXX_LANGUAGE_STANDARD = "gnu++0x";
				CLANG_CXX_LIBRARY = "libc++";
				CLANG_ENABLE_MODULES = YES;
				CLANG_ENABLE_OBJC_ARC = YES;
				CLANG_WARN_BOOL_CONVERSION = YES;
				CLANG_WARN_CONSTANT_CONVERSION = YES;
				CLANG_WARN_DIRECT_OBJC_ISA_USAGE = YES_ERROR;
				CLANG_WARN_EMPTY_BODY = YES;
				CLANG_WARN_ENUM_CONVERSION = YES;
				CLANG_WARN_INT_CONVERSION = YES;
				CLANG_WARN_OBJC_ROOT_CLASS = YES_ERROR;
				CLANG_WARN_UNREACHABLE_CODE = YES;
				CLANG_WARN__DUPLICATE_METHOD_MATCH = YES;
				"CODE_SIGN_IDENTITY[sdk=iphoneos*]" = "iPhone Developer";
				COPY_PHASE_STRIP = YES;
				ENABLE_NS_ASSERTIONS = NO;
				ENABLE_STRICT_OBJC_MSGSEND = YES;
				GCC_C_LANGUAGE_STANDARD = gnu99;
				GCC_WARN_64_TO_32_BIT_CONVERSION = YES;
				GCC_WARN_ABOUT_RETURN_TYPE = YES_ERROR;
				GCC_WARN_UNDECLARED_SELECTOR = YES;
				GCC_WARN_UNINITIALIZED_AUTOS = YES_AGGRESSIVE;
				GCC_WARN_UNUSED_FUNCTION = YES;
				GCC_WARN_UNUSED_VARIABLE = YES;
				IPHONEOS_DEPLOYMENT_TARGET = 8.1;
				MTL_ENABLE_DEBUG_INFO = NO;
				SDKROOT = iphoneos;
				TARGETED_DEVICE_FAMILY = "1,2";
				VALIDATE_PRODUCT = YES;
			};
			name = Release;
		};
		9671E1891A98FC700099DF80 /* Debug */ = {
			isa = XCBuildConfiguration;
			buildSettings = {
				ASSETCATALOG_COMPILER_APPICON_NAME = AppIcon;
				INFOPLIST_FILE = calculator/Info.plist;
				LD_RUNPATH_SEARCH_PATHS = "$(inherited) @executable_path/Frameworks";
				PRODUCT_NAME = "$(TARGET_NAME)";
			};
			name = Debug;
		};
		9671E18A1A98FC700099DF80 /* Release */ = {
			isa = XCBuildConfiguration;
			buildSettings = {
				ASSETCATALOG_COMPILER_APPICON_NAME = AppIcon;
				INFOPLIST_FILE = calculator/Info.plist;
				LD_RUNPATH_SEARCH_PATHS = "$(inherited) @executable_path/Frameworks";
				PRODUCT_NAME = "$(TARGET_NAME)";
			};
			name = Release;
		};
		9671E18C1A98FC700099DF80 /* Debug */ = {
			isa = XCBuildConfiguration;
			buildSettings = {
				BUNDLE_LOADER = "$(TEST_HOST)";
				FRAMEWORK_SEARCH_PATHS = (
					"$(SDKROOT)/Developer/Library/Frameworks",
					"$(inherited)",
				);
				GCC_PREPROCESSOR_DEFINITIONS = (
					"DEBUG=1",
					"$(inherited)",
				);
				INFOPLIST_FILE = calculatorTests/Info.plist;
				LD_RUNPATH_SEARCH_PATHS = "$(inherited) @executable_path/Frameworks @loader_path/Frameworks";
				PRODUCT_NAME = "$(TARGET_NAME)";
				TEST_HOST = "$(BUILT_PRODUCTS_DIR)/calculator.app/calculator";
			};
			name = Debug;
		};
		9671E18D1A98FC700099DF80 /* Release */ = {
			isa = XCBuildConfiguration;
			buildSettings = {
				BUNDLE_LOADER = "$(TEST_HOST)";
				FRAMEWORK_SEARCH_PATHS = (
					"$(SDKROOT)/Developer/Library/Frameworks",
					"$(inherited)",
				);
				INFOPLIST_FILE = calculatorTests/Info.plist;
				LD_RUNPATH_SEARCH_PATHS = "$(inherited) @executable_path/Frameworks @loader_path/Frameworks";
				PRODUCT_NAME = "$(TARGET_NAME)";
				TEST_HOST = "$(BUILT_PRODUCTS_DIR)/calculator.app/calculator";
			};
			name = Release;
		};
/* End XCBuildConfiguration section */

/* Begin XCConfigurationList section */
		9671E1641A98FC700099DF80 /* Build configuration list for PBXProject "calculator" */ = {
			isa = XCConfigurationList;
			buildConfigurations = (
				9671E1861A98FC700099DF80 /* Debug */,
				9671E1871A98FC700099DF80 /* Release */,
			);
			defaultConfigurationIsVisible = 0;
			defaultConfigurationName = Release;
		};
		9671E1881A98FC700099DF80 /* Build configuration list for PBXNativeTarget "calculator" */ = {
			isa = XCConfigurationList;
			buildConfigurations = (
				9671E1891A98FC700099DF80 /* Debug */,
				9671E18A1A98FC700099DF80 /* Release */,
			);
			defaultConfigurationIsVisible = 0;
		};
		9671E18B1A98FC700099DF80 /* Build configuration list for PBXNativeTarget "calculatorTests" */ = {
			isa = XCConfigurationList;
			buildConfigurations = (
				9671E18C1A98FC700099DF80 /* Debug */,
				9671E18D1A98FC700099DF80 /* Release */,
			);
			defaultConfigurationIsVisible = 0;
		};
/* End XCConfigurationList section */
	};
	rootObject = 9671E1611A98FC700099DF80 /* Project object */;
}
